{
  "object": {
    "pins": [
      {
        "package": "HNBUI",
        "repositoryURL": "https://github.com/KenichiFujita/HNBUI",
        "state": {
          "branch": "main",
          "revision": "66a4cd5120e711a911c113a21ddcec9bb4e63e4c",
          "version": null
        }
      },
      {
        "package": "Kingfisher",
        "repositoryURL": "https://github.com/onevcat/Kingfisher.git",
        "state": {
          "branch": null,
          "revision": "2a10bf41da75599a9f8e872dbd44fe0155a2e00c",
          "version": "5.15.8"
        }
      },
      {
        "package": "SwiftSoup",
        "repositoryURL": "https://github.com/scinfu/SwiftSoup.git",
        "state": {
          "branch": null,
          "revision": "11da8c685ddde2d519fad04a7daf8485bbbc773e",
          "version": "1.7.5"
        }
      }
    ]
  },
  "version": 1
}
